
Microsoft Visual Studio Solution File, Format Version 12.00
# Visual Studio Version 16
VisualStudioVersion = 16.0.31727.386
MinimumVisualStudioVersion = 10.0.40219.1
Project("{FAE04EC0-301F-11D3-BF4B-00C04F79EFBC}") = "rekapp-tray", "rekapp-tray.csproj", "{F8E4DE64-89D1-4EDF-8372-F8862BB26CAE}"
EndProject
Global
	GlobalSection(SolutionConfigurationPlatforms) = preSolution
		Debug|Any CPU = Debug|Any CPU
		Release|Any CPU = Release|Any CPU
	EndGlobalSection
	GlobalSection(ProjectConfigurationPlatforms) = postSolution
		{F8E4DE64-89D1-4EDF-8372-F8862BB26CAE}.Debug|Any CPU.ActiveCfg = Debug|Any CPU
		{F8E4DE64-89D1-4EDF-8372-F8862BB26CAE}.Debug|Any CPU.Build.0 = Debug|Any CPU
		{F8E4DE64-89D1-4EDF-8372-F8862BB26CAE}.Release|Any CPU.ActiveCfg = Release|Any CPU
		{F8E4DE64-89D1-4EDF-8372-F8862BB26CAE}.Release|Any CPU.Build.0 = Release|Any CPU
	EndGlobalSection
	GlobalSection(SolutionProperties) = preSolution
		HideSolutionNode = FALSE
	EndGlobalSection
	GlobalSection(ExtensibilityGlobals) = postSolution
		SolutionGuid = {6EDE8D65-7AD2-433C-91DB-14954BCDFC78}
	EndGlobalSection
EndGlobal
